
Microsoft Visual Studio Solution File, Format Version 12.00
# Visual Studio Version 17
VisualStudioVersion = 17.11.35327.3
MinimumVisualStudioVersion = 10.0.40219.1
Project("{FAE04EC0-301F-11D3-BF4B-00C04F79EFBC}") = "CalculoNomina", "CalculoNomina\CalculoNomina.csproj", "{4A257A3C-75EB-467C-8DC9-10DE4F95C73E}"
EndProject
Global
	GlobalSection(SolutionConfigurationPlatforms) = preSolution
		Debug|Any CPU = Debug|Any CPU
		Release|Any CPU = Release|Any CPU
	EndGlobalSection
	GlobalSection(ProjectConfigurationPlatforms) = postSolution
		{4A257A3C-75EB-467C-8DC9-10DE4F95C73E}.Debug|Any CPU.ActiveCfg = Debug|Any CPU
		{4A257A3C-75EB-467C-8DC9-10DE4F95C73E}.Debug|Any CPU.Build.0 = Debug|Any CPU
		{4A257A3C-75EB-467C-8DC9-10DE4F95C73E}.Release|Any CPU.ActiveCfg = Release|Any CPU
		{4A257A3C-75EB-467C-8DC9-10DE4F95C73E}.Release|Any CPU.Build.0 = Release|Any CPU
	EndGlobalSection
	GlobalSection(SolutionProperties) = preSolution
		HideSolutionNode = FALSE
	EndGlobalSection
	GlobalSection(ExtensibilityGlobals) = postSolution
		SolutionGuid = {ED1D8600-EA92-490D-84A9-A8C191A2134A}
	EndGlobalSection
EndGlobal
